
Microsoft Visual Studio Solution File, Format Version 12.00
# Visual Studio Version 16
VisualStudioVersion = 16.0.29920.165
MinimumVisualStudioVersion = 10.0.40219.1
Project("{FAE04EC0-301F-11D3-BF4B-00C04F79EFBC}") = "Bai01", "Bai01\Bai01.csproj", "{0FFD7A0E-4EE4-4990-980A-989003871A3A}"
EndProject
Project("{FAE04EC0-301F-11D3-BF4B-00C04F79EFBC}") = "Bai02", "Bai02\Bai02.csproj", "{57050B0A-889B-4367-B84D-0CAF8E93B3C2}"
EndProject
Project("{FAE04EC0-301F-11D3-BF4B-00C04F79EFBC}") = "Bai03", "Bai03\Bai03.csproj", "{2AAD8BAE-6808-435B-9497-3EDF334115B9}"
EndProject
Project("{FAE04EC0-301F-11D3-BF4B-00C04F79EFBC}") = "Bai04", "Bai04\Bai04.csproj", "{0DC06F86-1F45-4BA4-9968-381DCD881999}"
EndProject
Project("{FAE04EC0-301F-11D3-BF4B-00C04F79EFBC}") = "Bai05", "Bai05\Bai05.csproj", "{77F8378E-30BA-40B8-BDD9-25188DD70B1C}"
EndProject
Global
	GlobalSection(SolutionConfigurationPlatforms) = preSolution
		Debug|Any CPU = Debug|Any CPU
		Release|Any CPU = Release|Any CPU
	EndGlobalSection
	GlobalSection(ProjectConfigurationPlatforms) = postSolution
		{0FFD7A0E-4EE4-4990-980A-989003871A3A}.Debug|Any CPU.ActiveCfg = Debug|Any CPU
		{0FFD7A0E-4EE4-4990-980A-989003871A3A}.Debug|Any CPU.Build.0 = Debug|Any CPU
		{0FFD7A0E-4EE4-4990-980A-989003871A3A}.Release|Any CPU.ActiveCfg = Release|Any CPU
		{0FFD7A0E-4EE4-4990-980A-989003871A3A}.Release|Any CPU.Build.0 = Release|Any CPU
		{57050B0A-889B-4367-B84D-0CAF8E93B3C2}.Debug|Any CPU.ActiveCfg = Debug|Any CPU
		{57050B0A-889B-4367-B84D-0CAF8E93B3C2}.Debug|Any CPU.Build.0 = Debug|Any CPU
		{57050B0A-889B-4367-B84D-0CAF8E93B3C2}.Release|Any CPU.ActiveCfg = Release|Any CPU
		{57050B0A-889B-4367-B84D-0CAF8E93B3C2}.Release|Any CPU.Build.0 = Release|Any CPU
		{2AAD8BAE-6808-435B-9497-3EDF334115B9}.Debug|Any CPU.ActiveCfg = Debug|Any CPU
		{2AAD8BAE-6808-435B-9497-3EDF334115B9}.Debug|Any CPU.Build.0 = Debug|Any CPU
		{2AAD8BAE-6808-435B-9497-3EDF334115B9}.Release|Any CPU.ActiveCfg = Release|Any CPU
		{2AAD8BAE-6808-435B-9497-3EDF334115B9}.Release|Any CPU.Build.0 = Release|Any CPU
		{0DC06F86-1F45-4BA4-9968-381DCD881999}.Debug|Any CPU.ActiveCfg = Debug|Any CPU
		{0DC06F86-1F45-4BA4-9968-381DCD881999}.Debug|Any CPU.Build.0 = Debug|Any CPU
		{0DC06F86-1F45-4BA4-9968-381DCD881999}.Release|Any CPU.ActiveCfg = Release|Any CPU
		{0DC06F86-1F45-4BA4-9968-381DCD881999}.Release|Any CPU.Build.0 = Release|Any CPU
		{77F8378E-30BA-40B8-BDD9-25188DD70B1C}.Debug|Any CPU.ActiveCfg = Debug|Any CPU
		{77F8378E-30BA-40B8-BDD9-25188DD70B1C}.Debug|Any CPU.Build.0 = Debug|Any CPU
		{77F8378E-30BA-40B8-BDD9-25188DD70B1C}.Release|Any CPU.ActiveCfg = Release|Any CPU
		{77F8378E-30BA-40B8-BDD9-25188DD70B1C}.Release|Any CPU.Build.0 = Release|Any CPU
	EndGlobalSection
	GlobalSection(SolutionProperties) = preSolution
		HideSolutionNode = FALSE
	EndGlobalSection
	GlobalSection(ExtensibilityGlobals) = postSolution
		SolutionGuid = {B432E886-E1C7-4062-BA28-567EC04FC62E}
	EndGlobalSection
EndGlobal
